
Microsoft Visual Studio Solution File, Format Version 12.00
Project("{FAE04EC0-301F-11D3-BF4B-00C04F79EFBC}") = "Colecao.Array", "Colecao.Array\Colecao.Array.csproj", "{7A418249-7E46-4197-AA66-6432ECC900E4}"
EndProject
Project("{FAE04EC0-301F-11D3-BF4B-00C04F79EFBC}") = "Colecao.AtividadeArray1", "Colecao.AtividadeArray1\Colecao.AtividadeArray1.csproj", "{520D6515-1A8E-400F-B35C-D3054011DC3D}"
EndProject
Project("{FAE04EC0-301F-11D3-BF4B-00C04F79EFBC}") = "Colecao.AtividadeArray2", "Colecao.AtividadeArray2\Colecao.AtividadeArray2.csproj", "{7A31FE63-F328-42E0-B697-3DC55A400B63}"
EndProject
Global
	GlobalSection(SolutionConfigurationPlatforms) = preSolution
		Debug|Any CPU = Debug|Any CPU
		Release|Any CPU = Release|Any CPU
	EndGlobalSection
	GlobalSection(ProjectConfigurationPlatforms) = postSolution
		{7A418249-7E46-4197-AA66-6432ECC900E4}.Debug|Any CPU.ActiveCfg = Debug|Any CPU
		{7A418249-7E46-4197-AA66-6432ECC900E4}.Debug|Any CPU.Build.0 = Debug|Any CPU
		{7A418249-7E46-4197-AA66-6432ECC900E4}.Release|Any CPU.ActiveCfg = Release|Any CPU
		{7A418249-7E46-4197-AA66-6432ECC900E4}.Release|Any CPU.Build.0 = Release|Any CPU
		{520D6515-1A8E-400F-B35C-D3054011DC3D}.Debug|Any CPU.ActiveCfg = Debug|Any CPU
		{520D6515-1A8E-400F-B35C-D3054011DC3D}.Debug|Any CPU.Build.0 = Debug|Any CPU
		{520D6515-1A8E-400F-B35C-D3054011DC3D}.Release|Any CPU.ActiveCfg = Release|Any CPU
		{520D6515-1A8E-400F-B35C-D3054011DC3D}.Release|Any CPU.Build.0 = Release|Any CPU
		{7A31FE63-F328-42E0-B697-3DC55A400B63}.Debug|Any CPU.ActiveCfg = Debug|Any CPU
		{7A31FE63-F328-42E0-B697-3DC55A400B63}.Debug|Any CPU.Build.0 = Debug|Any CPU
		{7A31FE63-F328-42E0-B697-3DC55A400B63}.Release|Any CPU.ActiveCfg = Release|Any CPU
		{7A31FE63-F328-42E0-B697-3DC55A400B63}.Release|Any CPU.Build.0 = Release|Any CPU
	EndGlobalSection
EndGlobal
